{
  "name": "appsec-review-fixture",
  "version": "1.0.0",
  "lockfileVersion": 3,
  "requires": true,
  "packages": {
    "": {"name": "appsec-review-fixture", "version": "1.0.0", "dependencies": {"lodash": "4.17.15"}},
    "node_modules/lodash": {"version": "4.17.15", "resolved": "https://registry.npmjs.org/lodash/-/lodash-4.17.15.tgz", "integrity": "sha512-9IYadDjaVzE3JQ4w54dDGYkR26t1xW1c2b5z3hOZ7n4mO9J7qG2g8o4D6Qy4mNn8y5x7x8v8B5q9c6f0R8w4gQ=="}
  }
}
